PODS:
  - XTBLELogManager (1.0.4):
    - XTBLELogManager/BLELog (= 1.0.4)
    - XTComponentBLE
    - XTComponentUtils
  - XTBLELogManager/BLELog (1.0.4):
    - XTComponentBLE
    - XTComponentUtils
  - XTComponentBLE (1.1.2):
    - XTComponentBLE/BLE4 (= 1.1.2)
    - XTComponentBLE/Models (= 1.1.2)
  - XTComponentBLE/BLE4 (1.1.2):
    - XTComponentBLE/Models
  - XTComponentBLE/Models (1.1.2)
  - XTComponentUtils (1.2.1):
    - XTComponentUtils/LocalDependency (= 1.2.1)
    - XTComponentUtils/Models (= 1.2.1)
    - XTComponentUtils/XTUtils (= 1.2.1)
  - XTComponentUtils/LocalDependency (1.2.1)
  - XTComponentUtils/Models (1.2.1)
  - XTComponentUtils/XTUtils (1.2.1):
    - XTComponentUtils/LocalDependency
    - XTComponentUtils/Models

DEPENDENCIES:
  - XTBLELogManager
  - XTComponentUtils

SPEC REPOS:
  https://github.com/leblanc-zx/ZXSpecs.git:
    - XTBLELogManager
    - XTComponentBLE
    - XTComponentUtils

SPEC CHECKSUMS:
  XTBLELogManager: 11d4cce0df071bdd8d34089eb3c4cdec48822cf3
  XTComponentBLE: 61e94e3cbc8837f08b3a64932ef780e9576dcb52
  XTComponentUtils: f21363ed093fdf7bd9f3c52ddfd6f353a60d9af9

PODFILE CHECKSUM: d5f273ff2fd09644de9a3e2cae0a77b2eadaf0f0

COCOAPODS: 1.5.0
