PODS:
  - XTBLELogManager (1.0.3):
    - XTBLELogManager/BLELog (= 1.0.3)
    - XTComponentBLE
    - XTComponentUtils
  - XTBLELogManager/BLELog (1.0.3):
    - XTComponentBLE
    - XTComponentUtils
  - XTComponentBLE (1.0.9):
    - XTComponentBLE/BLE4 (= 1.0.9)
    - XTComponentBLE/Models (= 1.0.9)
  - XTComponentBLE/BLE4 (1.0.9):
    - XTComponentBLE/Models
  - XTComponentBLE/Models (1.0.9)
  - XTComponentUtils (1.2.1):
    - XTComponentUtils/LocalDependency (= 1.2.1)
    - XTComponentUtils/Models (= 1.2.1)
    - XTComponentUtils/XTUtils (= 1.2.1)
  - XTComponentUtils/LocalDependency (1.2.1)
  - XTComponentUtils/Models (1.2.1)
  - XTComponentUtils/XTUtils (1.2.1):
    - XTComponentUtils/LocalDependency
    - XTComponentUtils/Models

DEPENDENCIES:
  - XTBLELogManager
  - XTComponentBLE
  - XTComponentUtils

SPEC REPOS:
  https://github.com/leblanc-zx/ZXSpecs.git:
    - XTBLELogManager
    - XTComponentBLE
    - XTComponentUtils

SPEC CHECKSUMS:
  XTBLELogManager: e11e09293cb45c8ecee731c974dadd22cb820e84
  XTComponentBLE: 313b47f5abc8a383be4c501d895a863af9c1ba58
  XTComponentUtils: f21363ed093fdf7bd9f3c52ddfd6f353a60d9af9

PODFILE CHECKSUM: adaf7c072fc0aad378bda356317946dd227a688b

COCOAPODS: 1.5.0
